
Microsoft Visual Studio Solution File, Format Version 12.00
# Visual Studio 2015
Project("{FAE04EC0-301F-11D3-BF4B-00C04F79EFBC}") = "pathFinding", "pathFinding.csproj", "{FFBABCBA-397E-80EB-98A4-1D19E2169241}"
EndProject
Global
	GlobalSection(SolutionConfigurationPlatforms) = preSolution
		Debug|Any CPU = Debug|Any CPU
		Release|Any CPU = Release|Any CPU
	EndGlobalSection
	GlobalSection(ProjectConfigurationPlatforms) = postSolution
		{FFBABCBA-397E-80EB-98A4-1D19E2169241}.Debug|Any CPU.ActiveCfg = Debug|Any CPU
		{FFBABCBA-397E-80EB-98A4-1D19E2169241}.Debug|Any CPU.Build.0 = Debug|Any CPU
		{FFBABCBA-397E-80EB-98A4-1D19E2169241}.Release|Any CPU.ActiveCfg = Release|Any CPU
		{FFBABCBA-397E-80EB-98A4-1D19E2169241}.Release|Any CPU.Build.0 = Release|Any CPU
	EndGlobalSection
	GlobalSection(SolutionProperties) = preSolution
		HideSolutionNode = FALSE
	EndGlobalSection
EndGlobal
